<?xml version="1.0" encoding="utf-8"?>
<Project ToolsVersion="4.0" xmlns="http://schemas.microsoft.com/developer/msbuild/2003">
  <ItemGroup>
    <ClCompile Include="BoostedBreakCAN.cpp">
      <Filter>Source Files</Filter>
    </ClCompile>
    <ClCompile Include="PCANBasicDriver.cpp">
      <Filter>Source Files</Filter>
    </ClCompile>
    <ClCompile Include="PCANBasicParameter.cpp">
      <Filter>Source Files</Filter>
    </ClCompile>
    <ClCompile Include="stdafx.cpp">
      <Filter>Source Files</Filter>
    </ClCompile>
    <ClCompile Include="main.cpp">
      <Filter>Source Files</Filter>
    </ClCompile>
  </ItemGroup>
  <ItemGroup>
    <ClInclude Include="BoostedBreakCAN.h">
      <Filter>Header Files</Filter>
    </ClInclude>
    <ClInclude Include="BoostedCANMsg.h">
      <Filter>Header Files</Filter>
    </ClInclude>
    <ClInclude Include="PCANBasic.h">
      <Filter>Header Files</Filter>
    </ClInclude>
    <ClInclude Include="PCANBasicDriver.h">
      <Filter>Header Files</Filter>
    </ClInclude>
    <ClInclude Include="PCANBasicParameter.h">
      <Filter>Header Files</Filter>
    </ClInclude>
    <ClInclude Include="PCANBasicUtility.h">
      <Filter>Header Files</Filter>
    </ClInclude>
    <ClInclude Include="stdafx.h">
      <Filter>Header Files</Filter>
    </ClInclude>
    <ClInclude Include="targetver.h">
      <Filter>Header Files</Filter>
    </ClInclude>
    <ClInclude Include="BoostedCANMsgInfo.h">
      <Filter>Header Files</Filter>
    </ClInclude>
    <ClInclude Include="ConsoleInterface.h">
      <Filter>Header Files</Filter>
    </ClInclude>
  </ItemGroup>
  <ItemGroup>
    <Library Include="lib\x64\PCANBasic.lib" />
    <Library Include="lib\x86\PCANBasic.lib" />
  </ItemGroup>
  <ItemGroup>
    <Filter Include="Header Files">
      <UniqueIdentifier>{be9e511d-bae4-41e2-b513-d799311a181c}</UniqueIdentifier>
    </Filter>
    <Filter Include="Source Files">
      <UniqueIdentifier>{ae032491-d475-4aef-8dd1-5e0a84fed07f}</UniqueIdentifier>
    </Filter>
    <Filter Include="Resource Files">
      <UniqueIdentifier>{b783d7ba-2abd-423f-8039-577ef368da55}</UniqueIdentifier>
    </Filter>
  </ItemGroup>
</Project>