
Microsoft Visual Studio Solution File, Format Version 12.00
# Visual Studio Version 16
VisualStudioVersion = 16.0.31205.134
MinimumVisualStudioVersion = 10.0.40219.1
Project("{8BC9CEB8-8B4A-11D0-8D11-00A0C91BC942}") = "BoostedBreakCAN", "BoostedBreakCAN.vcxproj", "{DE08AE69-04BD-43EA-8602-B6D5528D690B}"
EndProject
Global
	GlobalSection(SolutionConfigurationPlatforms) = preSolution
		Debug|x64 = Debug|x64
		Debug|x86 = Debug|x86
		Release|x64 = Release|x64
		Release|x86 = Release|x86
	EndGlobalSection
	GlobalSection(ProjectConfigurationPlatforms) = postSolution
		{DE08AE69-04BD-43EA-8602-B6D5528D690B}.Debug|x64.ActiveCfg = Debug|x64
		{DE08AE69-04BD-43EA-8602-B6D5528D690B}.Debug|x64.Build.0 = Debug|x64
		{DE08AE69-04BD-43EA-8602-B6D5528D690B}.Debug|x86.ActiveCfg = Debug|Win32
		{DE08AE69-04BD-43EA-8602-B6D5528D690B}.Debug|x86.Build.0 = Debug|Win32
		{DE08AE69-04BD-43EA-8602-B6D5528D690B}.Release|x64.ActiveCfg = Release|x64
		{DE08AE69-04BD-43EA-8602-B6D5528D690B}.Release|x64.Build.0 = Release|x64
		{DE08AE69-04BD-43EA-8602-B6D5528D690B}.Release|x86.ActiveCfg = Release|Win32
		{DE08AE69-04BD-43EA-8602-B6D5528D690B}.Release|x86.Build.0 = Release|Win32
	EndGlobalSection
	GlobalSection(SolutionProperties) = preSolution
		HideSolutionNode = FALSE
	EndGlobalSection
	GlobalSection(ExtensibilityGlobals) = postSolution
		SolutionGuid = {4A9490BD-A688-47B4-8BCE-026E01EE20C2}
	EndGlobalSection
EndGlobal
